
Microsoft Visual Studio Solution File, Format Version 12.00
# Visual Studio Version 17
VisualStudioVersion = 17.14.36915.13 d17.14
MinimumVisualStudioVersion = 10.0.40219.1
Project("{FAE04EC0-301F-11D3-BF4B-00C04F79EFBC}") = "CyberAwareSA", "CyberAwareSA\CyberAwareSA.csproj", "{FEC4D325-1146-4134-BE85-12CA2FF82D7C}"
EndProject
Global
	GlobalSection(SolutionConfigurationPlatforms) = preSolution
		Debug|Any CPU = Debug|Any CPU
		Release|Any CPU = Release|Any CPU
	EndGlobalSection
	GlobalSection(ProjectConfigurationPlatforms) = postSolution
		{FEC4D325-1146-4134-BE85-12CA2FF82D7C}.Debug|Any CPU.ActiveCfg = Debug|Any CPU
		{FEC4D325-1146-4134-BE85-12CA2FF82D7C}.Debug|Any CPU.Build.0 = Debug|Any CPU
		{FEC4D325-1146-4134-BE85-12CA2FF82D7C}.Release|Any CPU.ActiveCfg = Release|Any CPU
		{FEC4D325-1146-4134-BE85-12CA2FF82D7C}.Release|Any CPU.Build.0 = Release|Any CPU
	EndGlobalSection
	GlobalSection(SolutionProperties) = preSolution
		HideSolutionNode = FALSE
	EndGlobalSection
	GlobalSection(ExtensibilityGlobals) = postSolution
		SolutionGuid = {A0EBD4F8-FA27-4DB5-9192-4A633244DAC4}
	EndGlobalSection
EndGlobal
